<?xml version="1.0" encoding="utf-8"?>
<Project ToolsVersion="4.0" xmlns="http://schemas.microsoft.com/developer/msbuild/2003">
  <ItemGroup>
    <Filter Include="Source Files">
      <UniqueIdentifier>{4FC737F1-C7A5-4376-A066-2A32D752A2FF}</UniqueIdentifier>
      <Extensions>cpp;c;cc;cxx;def;odl;idl;hpj;bat;asm;asmx</Extensions>
    </Filter>
    <Filter Include="Header Files">
      <UniqueIdentifier>{93995380-89BD-4b04-88EB-625FBE52EBFB}</UniqueIdentifier>
      <Extensions>h;hh;hpp;hxx;hm;inl;inc;ipp;xsd</Extensions>
    </Filter>
    <Filter Include="Resource Files">
      <UniqueIdentifier>{67DA6AB6-F800-4c08-8B7A-83BB121AAD01}</UniqueIdentifier>
      <Extensions>rc;ico;cur;bmp;dlg;rc2;rct;bin;rgs;gif;jpg;jpeg;jpe;resx;tiff;tif;png;wav;mfcribbon-ms</Extensions>
    </Filter>
    <Filter Include="Source Files\leetcode">
      <UniqueIdentifier>{f926a7c3-75b4-46bc-90e7-e86407bfbda0}</UniqueIdentifier>
    </Filter>
  </ItemGroup>
  <ItemGroup>
    <ClCompile Include="mian.cpp">
      <Filter>Source Files</Filter>
    </ClCompile>
    <ClCompile Include="..\CedarChennn\myC\myC\09_ palindrome_number.cpp">
      <Filter>Source Files\leetcode</Filter>
    </ClCompile>
    <ClCompile Include="..\CedarChennn\myC\myC\area.cpp">
      <Filter>Source Files\leetcode</Filter>
    </ClCompile>
    <ClCompile Include="..\CedarChennn\myC\myC\beike1.cpp">
      <Filter>Source Files\leetcode</Filter>
    </ClCompile>
    <ClCompile Include="..\CedarChennn\myC\myC\quick sort.cpp">
      <Filter>Source Files\leetcode</Filter>
    </ClCompile>
    <ClCompile Include="..\CedarChennn\myC\myC\Source.cpp">
      <Filter>Source Files\leetcode</Filter>
    </ClCompile>
    <ClCompile Include="..\CedarChennn\myC\myC\test01.c">
      <Filter>Source Files\leetcode</Filter>
    </ClCompile>
    <ClCompile Include="..\CedarChennn\myC\myC\01_Two_Sum.cpp">
      <Filter>Source Files\leetcode</Filter>
    </ClCompile>
    <ClCompile Include="..\CedarChennn\myC\myC\07_Reverse_Integer.cpp">
      <Filter>Source Files\leetcode</Filter>
    </ClCompile>
  </ItemGroup>
  <ItemGroup>
    <None Include="..\CedarChennn\myC\myC\15_3sum.py">
      <Filter>Source Files\leetcode</Filter>
    </None>
    <None Include="..\CedarChennn\myC\myC\myC.vcxproj">
      <Filter>Source Files\leetcode</Filter>
    </None>
    <None Include="..\CedarChennn\myC\myC\myC.vcxproj.filters">
      <Filter>Source Files\leetcode</Filter>
    </None>
  </ItemGroup>
</Project>